
Microsoft Visual Studio Solution File, Format Version 12.00
# Visual Studio Version 17
VisualStudioVersion = 17.4.33110.190
MinimumVisualStudioVersion = 10.0.40219.1
Project("{FAE04EC0-301F-11D3-BF4B-00C04F79EFBC}") = "TestProjectSelenium", "TestProjectSelenium\TestProjectSelenium.csproj", "{3450C826-6C60-4BAF-9E93-9BB9568F47FC}"
EndProject
Global
	GlobalSection(SolutionConfigurationPlatforms) = preSolution
		Debug|Any CPU = Debug|Any CPU
		Release|Any CPU = Release|Any CPU
	EndGlobalSection
	GlobalSection(ProjectConfigurationPlatforms) = postSolution
		{3450C826-6C60-4BAF-9E93-9BB9568F47FC}.Debug|Any CPU.ActiveCfg = Debug|Any CPU
		{3450C826-6C60-4BAF-9E93-9BB9568F47FC}.Debug|Any CPU.Build.0 = Debug|Any CPU
		{3450C826-6C60-4BAF-9E93-9BB9568F47FC}.Release|Any CPU.ActiveCfg = Release|Any CPU
		{3450C826-6C60-4BAF-9E93-9BB9568F47FC}.Release|Any CPU.Build.0 = Release|Any CPU
	EndGlobalSection
	GlobalSection(SolutionProperties) = preSolution
		HideSolutionNode = FALSE
	EndGlobalSection
	GlobalSection(ExtensibilityGlobals) = postSolution
		SolutionGuid = {943636A7-C5B3-4A31-A25B-416678A1EEA1}
	EndGlobalSection
EndGlobal
